
Microsoft Visual Studio Solution File, Format Version 12.00
# Visual Studio 15
VisualStudioVersion = 15.0.26730.15
MinimumVisualStudioVersion = 10.0.40219.1
Project("{FAE04EC0-301F-11D3-BF4B-00C04F79EFBC}") = "WebAPI", "WebAPI\WebAPI.csproj", "{BAB0C52D-AA72-43DF-9CB8-518572B2B9A9}"
EndProject
Project("{FAE04EC0-301F-11D3-BF4B-00C04F79EFBC}") = "WebAPI.Tests", "WebAPI.Tests\WebAPI.Tests.csproj", "{CF907746-0119-4D32-AF8F-08DBC5A71F52}"
EndProject
Global
	GlobalSection(SolutionConfigurationPlatforms) = preSolution
		Debug|Any CPU = Debug|Any CPU
		Release|Any CPU = Release|Any CPU
	EndGlobalSection
	GlobalSection(ProjectConfigurationPlatforms) = postSolution
		{BAB0C52D-AA72-43DF-9CB8-518572B2B9A9}.Debug|Any CPU.ActiveCfg = Debug|Any CPU
		{BAB0C52D-AA72-43DF-9CB8-518572B2B9A9}.Debug|Any CPU.Build.0 = Debug|Any CPU
		{BAB0C52D-AA72-43DF-9CB8-518572B2B9A9}.Release|Any CPU.ActiveCfg = Release|Any CPU
		{BAB0C52D-AA72-43DF-9CB8-518572B2B9A9}.Release|Any CPU.Build.0 = Release|Any CPU
		{CF907746-0119-4D32-AF8F-08DBC5A71F52}.Debug|Any CPU.ActiveCfg = Debug|Any CPU
		{CF907746-0119-4D32-AF8F-08DBC5A71F52}.Debug|Any CPU.Build.0 = Debug|Any CPU
		{CF907746-0119-4D32-AF8F-08DBC5A71F52}.Release|Any CPU.ActiveCfg = Release|Any CPU
		{CF907746-0119-4D32-AF8F-08DBC5A71F52}.Release|Any CPU.Build.0 = Release|Any CPU
	EndGlobalSection
	GlobalSection(SolutionProperties) = preSolution
		HideSolutionNode = FALSE
	EndGlobalSection
	GlobalSection(ExtensibilityGlobals) = postSolution
		SolutionGuid = {F4C8A9E1-F7F0-4788-A465-035C3BA90732}
	EndGlobalSection
EndGlobal
